
Microsoft Visual Studio Solution File, Format Version 12.00
# Visual Studio Version 17
VisualStudioVersion = 17.12.35506.116
MinimumVisualStudioVersion = 10.0.40219.1
Project("{FAE04EC0-301F-11D3-BF4B-00C04F79EFBC}") = "AOC2022_1", "AOC2022\AOC2022_1.csproj", "{B72A9046-4089-4C2A-B724-CD8DD355F3FC}"
EndProject
Project("{FAE04EC0-301F-11D3-BF4B-00C04F79EFBC}") = "AOC2022_2", "AOC2022_2\AOC2022_2.csproj", "{267830F2-F42E-4459-BC5F-61DF3C72D27A}"
EndProject
Project("{FAE04EC0-301F-11D3-BF4B-00C04F79EFBC}") = "AOC2022_3", "AOC2022_3\AOC2022_3.csproj", "{EAA89FC6-7626-40D7-832C-0BBF9BFD03C3}"
EndProject
Project("{FAE04EC0-301F-11D3-BF4B-00C04F79EFBC}") = "AOC2022_4", "AOC2022_4\AOC2022_4.csproj", "{4363E6D1-C2CA-4093-83AC-2EC6ADEB1973}"
EndProject
Project("{FAE04EC0-301F-11D3-BF4B-00C04F79EFBC}") = "AOC2022_6", "AOC2022_6\AOC2022_6.csproj", "{2A268D1B-164C-4282-AA67-C9D03B84AD7E}"
EndProject
Project("{FAE04EC0-301F-11D3-BF4B-00C04F79EFBC}") = "AOC2022_8", "AOC2022_7\AOC2022_8.csproj", "{3195B190-335F-4A2F-AD56-F70064458540}"
EndProject
Project("{FAE04EC0-301F-11D3-BF4B-00C04F79EFBC}") = "AOC2022_5", "AOC2022_5\AOC2022_5.csproj", "{003D605F-E0D7-40DB-ADCD-A8150922A8B9}"
EndProject
Project("{FAE04EC0-301F-11D3-BF4B-00C04F79EFBC}") = "AOC2022_9", "AOC2022_9\AOC2022_9.csproj", "{49CA6F23-D178-43EA-A562-2AAD9E25BF73}"
EndProject
Global
	GlobalSection(SolutionConfigurationPlatforms) = preSolution
		Debug|Any CPU = Debug|Any CPU
		Release|Any CPU = Release|Any CPU
	EndGlobalSection
	GlobalSection(ProjectConfigurationPlatforms) = postSolution
		{B72A9046-4089-4C2A-B724-CD8DD355F3FC}.Debug|Any CPU.ActiveCfg = Debug|Any CPU
		{B72A9046-4089-4C2A-B724-CD8DD355F3FC}.Debug|Any CPU.Build.0 = Debug|Any CPU
		{B72A9046-4089-4C2A-B724-CD8DD355F3FC}.Release|Any CPU.ActiveCfg = Release|Any CPU
		{B72A9046-4089-4C2A-B724-CD8DD355F3FC}.Release|Any CPU.Build.0 = Release|Any CPU
		{267830F2-F42E-4459-BC5F-61DF3C72D27A}.Debug|Any CPU.ActiveCfg = Debug|Any CPU
		{267830F2-F42E-4459-BC5F-61DF3C72D27A}.Debug|Any CPU.Build.0 = Debug|Any CPU
		{267830F2-F42E-4459-BC5F-61DF3C72D27A}.Release|Any CPU.ActiveCfg = Release|Any CPU
		{267830F2-F42E-4459-BC5F-61DF3C72D27A}.Release|Any CPU.Build.0 = Release|Any CPU
		{EAA89FC6-7626-40D7-832C-0BBF9BFD03C3}.Debug|Any CPU.ActiveCfg = Debug|Any CPU
		{EAA89FC6-7626-40D7-832C-0BBF9BFD03C3}.Debug|Any CPU.Build.0 = Debug|Any CPU
		{EAA89FC6-7626-40D7-832C-0BBF9BFD03C3}.Release|Any CPU.ActiveCfg = Release|Any CPU
		{EAA89FC6-7626-40D7-832C-0BBF9BFD03C3}.Release|Any CPU.Build.0 = Release|Any CPU
		{4363E6D1-C2CA-4093-83AC-2EC6ADEB1973}.Debug|Any CPU.ActiveCfg = Debug|Any CPU
		{4363E6D1-C2CA-4093-83AC-2EC6ADEB1973}.Debug|Any CPU.Build.0 = Debug|Any CPU
		{4363E6D1-C2CA-4093-83AC-2EC6ADEB1973}.Release|Any CPU.ActiveCfg = Release|Any CPU
		{4363E6D1-C2CA-4093-83AC-2EC6ADEB1973}.Release|Any CPU.Build.0 = Release|Any CPU
		{2A268D1B-164C-4282-AA67-C9D03B84AD7E}.Debug|Any CPU.ActiveCfg = Debug|Any CPU
		{2A268D1B-164C-4282-AA67-C9D03B84AD7E}.Debug|Any CPU.Build.0 = Debug|Any CPU
		{2A268D1B-164C-4282-AA67-C9D03B84AD7E}.Release|Any CPU.ActiveCfg = Release|Any CPU
		{2A268D1B-164C-4282-AA67-C9D03B84AD7E}.Release|Any CPU.Build.0 = Release|Any CPU
		{3195B190-335F-4A2F-AD56-F70064458540}.Debug|Any CPU.ActiveCfg = Debug|Any CPU
		{3195B190-335F-4A2F-AD56-F70064458540}.Debug|Any CPU.Build.0 = Debug|Any CPU
		{3195B190-335F-4A2F-AD56-F70064458540}.Release|Any CPU.ActiveCfg = Release|Any CPU
		{3195B190-335F-4A2F-AD56-F70064458540}.Release|Any CPU.Build.0 = Release|Any CPU
		{003D605F-E0D7-40DB-ADCD-A8150922A8B9}.Debug|Any CPU.ActiveCfg = Debug|Any CPU
		{003D605F-E0D7-40DB-ADCD-A8150922A8B9}.Debug|Any CPU.Build.0 = Debug|Any CPU
		{003D605F-E0D7-40DB-ADCD-A8150922A8B9}.Release|Any CPU.ActiveCfg = Release|Any CPU
		{003D605F-E0D7-40DB-ADCD-A8150922A8B9}.Release|Any CPU.Build.0 = Release|Any CPU
		{49CA6F23-D178-43EA-A562-2AAD9E25BF73}.Debug|Any CPU.ActiveCfg = Debug|Any CPU
		{49CA6F23-D178-43EA-A562-2AAD9E25BF73}.Debug|Any CPU.Build.0 = Debug|Any CPU
		{49CA6F23-D178-43EA-A562-2AAD9E25BF73}.Release|Any CPU.ActiveCfg = Release|Any CPU
		{49CA6F23-D178-43EA-A562-2AAD9E25BF73}.Release|Any CPU.Build.0 = Release|Any CPU
	EndGlobalSection
	GlobalSection(SolutionProperties) = preSolution
		HideSolutionNode = FALSE
	EndGlobalSection
EndGlobal
